// !$*UTF8*$!
{
	archiveVersion = 1;
	classes = {
	};
	objectVersion = 46;
	objects = {

/* Begin PBXBuildFile section */
		A50F64821A990F9300D5B38A /* main.m in Sources */ = {isa = PBXBuildFile; fileRef = A50F64811A990F9300D5B38A /* main.m */; };
		A50F64851A990F9300D5B38A /* AppDelegate.m in Sources */ = {isa = PBXBuildFile; fileRef = A50F64841A990F9300D5B38A /* AppDelegate.m */; };
		A50F648B1A990F9300D5B38A /* Main.storyboard in Resources */ = {isa = PBXBuildFile; fileRef = A50F64891A990F9300D5B38A /* Main.storyboard */; };
		A50F648D1A990F9300D5B38A /* Images.xcassets in Resources */ = {isa = PBXBuildFile; fileRef = A50F648C1A990F9300D5B38A /* Images.xcassets */; };
		A50F64901A990F9300D5B38A /* LaunchScreen.xib in Resources */ = {isa = PBXBuildFile; fileRef = A50F648E1A990F9300D5B38A /* LaunchScreen.xib */; };
		A50F649C1A990F9300D5B38A /* ToDoListTests.m in Sources */ = {isa = PBXBuildFile; fileRef = A50F649B1A990F9300D5B38A /* ToDoListTests.m */; };
		A597D3F01A9941E400126E0C /* AddToDoItemViewController.m in Sources */ = {isa = PBXBuildFile; fileRef = A597D3EF1A9941E400126E0C /* AddToDoItemViewController.m */; };
		A597D3F31A9942F000126E0C /* ToDoListTableViewController.m in Sources */ = {isa = PBXBuildFile; fileRef = A597D3F21A9942F000126E0C /* ToDoListTableViewController.m */; };
		A597D3F61A996D4400126E0C /* ToDoItem.m in Sources */ = {isa = PBXBuildFile; fileRef = A597D3F51A996D4400126E0C /* ToDoItem.m */; };
		A5CB8A911A99915E00548F52 /* README.md in Sources */ = {isa = PBXBuildFile; fileRef = A5CB8A901A99915E00548F52 /* README.md */; };
		A5CB8A941A9997F600548F52 /* add_view.png in Resources */ = {isa = PBXBuildFile; fileRef = A5CB8A931A9997F600548F52 /* add_view.png */; };
		A5CB8A961A9997FD00548F52 /* list_view.png in Resources */ = {isa = PBXBuildFile; fileRef = A5CB8A951A9997FD00548F52 /* list_view.png */; };
/* End PBXBuildFile section */

/* Begin PBXContainerItemProxy section */
		A50F64961A990F9300D5B38A /* PBXContainerItemProxy */ = {
			isa = PBXContainerItemProxy;
			containerPortal = A50F64741A990F9300D5B38A /* Project object */;
			proxyType = 1;
			remoteGlobalIDString = A50F647B1A990F9300D5B38A;
			remoteInfo = ToDoList;
		};
/* End PBXContainerItemProxy section */

/* Begin PBXFileReference section */
		A50F647C1A990F9300D5B38A /* ToDoList.app */ = {isa = PBXFileReference; explicitFileType = wrapper.application; includeInIndex = 0; path = ToDoList.app; sourceTree = BUILT_PRODUCTS_DIR; };
		A50F64801A990F9300D5B38A /* Info.plist */ = {isa = PBXFileReference; lastKnownFileType = text.plist.xml; path = Info.plist; sourceTree = "<group>"; };
		A50F64811A990F9300D5B38A /* main.m */ = {isa = PBXFileReference; lastKnownFileType = sourcecode.c.objc; path = main.m; sourceTree = "<group>"; };
		A50F64831A990F9300D5B38A /* AppDelegate.h */ = {isa = PBXFileReference; lastKnownFileType = sourcecode.c.h; path = AppDelegate.h; sourceTree = "<group>"; };
		A50F64841A990F9300D5B38A /* AppDelegate.m */ = {isa = PBXFileReference; lastKnownFileType = sourcecode.c.objc; path = AppDelegate.m; sourceTree = "<group>"; };
		A50F648A1A990F9300D5B38A /* Base */ = {isa = PBXFileReference; lastKnownFileType = file.storyboard; name = Base; path = Base.lproj/Main.storyboard; sourceTree = "<group>"; };
		A50F648C1A990F9300D5B38A /* Images.xcassets */ = {isa = PBXFileReference; lastKnownFileType = folder.assetcatalog; path = Images.xcassets; sourceTree = "<group>"; };
		A50F648F1A990F9300D5B38A /* Base */ = {isa = PBXFileReference; lastKnownFileType = file.xib; name = Base; path = Base.lproj/LaunchScreen.xib; sourceTree = "<group>"; };
		A50F64951A990F9300D5B38A /* ToDoListTests.xctest */ = {isa = PBXFileReference; explicitFileType = wrapper.cfbundle; includeInIndex = 0; path = ToDoListTests.xctest; sourceTree = BUILT_PRODUCTS_DIR; };
		A50F649A1A990F9300D5B38A /* Info.plist */ = {isa = PBXFileReference; lastKnownFileType = text.plist.xml; path = Info.plist; sourceTree = "<group>"; };
		A50F649B1A990F9300D5B38A /* ToDoListTests.m */ = {isa = PBXFileReference; lastKnownFileType = sourcecode.c.objc; path = ToDoListTests.m; sourceTree = "<group>"; };
		A597D3EE1A9941E400126E0C /* AddToDoItemViewController.h */ = {isa = PBXFileReference; fileEncoding = 4; lastKnownFileType = sourcecode.c.h; path = AddToDoItemViewController.h; sourceTree = "<group>"; };
		A597D3EF1A9941E400126E0C /* AddToDoItemViewController.m */ = {isa = PBXFileReference; fileEncoding = 4; lastKnownFileType = sourcecode.c.objc; path = AddToDoItemViewController.m; sourceTree = "<group>"; };
		A597D3F11A9942F000126E0C /* ToDoListTableViewController.h */ = {isa = PBXFileReference; fileEncoding = 4; lastKnownFileType = sourcecode.c.h; path = ToDoListTableViewController.h; sourceTree = "<group>"; };
		A597D3F21A9942F000126E0C /* ToDoListTableViewController.m */ = {isa = PBXFileReference; fileEncoding = 4; lastKnownFileType = sourcecode.c.objc; path = ToDoListTableViewController.m; sourceTree = "<group>"; };
		A597D3F41A996D4400126E0C /* ToDoItem.h */ = {isa = PBXFileReference; fileEncoding = 4; lastKnownFileType = sourcecode.c.h; path = ToDoItem.h; sourceTree = "<group>"; };
		A597D3F51A996D4400126E0C /* ToDoItem.m */ = {isa = PBXFileReference; fileEncoding = 4; lastKnownFileType = sourcecode.c.objc; path = ToDoItem.m; sourceTree = "<group>"; };
		A5CB8A901A99915E00548F52 /* README.md */ = {isa = PBXFileReference; fileEncoding = 4; lastKnownFileType = net.daringfireball.markdown; name = README.md; path = ToDoList/README.md; sourceTree = "<group>"; };
		A5CB8A931A9997F600548F52 /* add_view.png */ = {isa = PBXFileReference; lastKnownFileType = image.png; name = add_view.png; path = ../../../../../Desktop/add_view.png; sourceTree = "<group>"; };
		A5CB8A951A9997FD00548F52 /* list_view.png */ = {isa = PBXFileReference; lastKnownFileType = image.png; name = list_view.png; path = ../../../../../Desktop/list_view.png; sourceTree = "<group>"; };
/* End PBXFileReference section */

/* Begin PBXFrameworksBuildPhase section */
		A50F64791A990F9300D5B38A /* Frameworks */ = {
			isa = PBXFrameworksBuildPhase;
			buildActionMask = 2147483647;
			files = (
			);
			runOnlyForDeploymentPostprocessing = 0;
		};
		A50F64921A990F9300D5B38A /* Frameworks */ = {
			isa = PBXFrameworksBuildPhase;
			buildActionMask = 2147483647;
			files = (
			);
			runOnlyForDeploymentPostprocessing = 0;
		};
/* End PBXFrameworksBuildPhase section */

/* Begin PBXGroup section */
		A50F64731A990F9300D5B38A = {
			isa = PBXGroup;
			children = (
				A5CB8A921A9991BE00548F52 /* Screenshots */,
				A5CB8A901A99915E00548F52 /* README.md */,
				A50F647E1A990F9300D5B38A /* ToDoList */,
				A50F64981A990F9300D5B38A /* ToDoListTests */,
				A50F647D1A990F9300D5B38A /* Products */,
			);
			sourceTree = "<group>";
		};
		A50F647D1A990F9300D5B38A /* Products */ = {
			isa = PBXGroup;
			children = (
				A50F647C1A990F9300D5B38A /* ToDoList.app */,
				A50F64951A990F9300D5B38A /* ToDoListTests.xctest */,
			);
			name = Products;
			sourceTree = "<group>";
		};
		A50F647E1A990F9300D5B38A /* ToDoList */ = {
			isa = PBXGroup;
			children = (
				A50F64831A990F9300D5B38A /* AppDelegate.h */,
				A50F64841A990F9300D5B38A /* AppDelegate.m */,
				A50F64891A990F9300D5B38A /* Main.storyboard */,
				A597D3F41A996D4400126E0C /* ToDoItem.h */,
				A597D3F51A996D4400126E0C /* ToDoItem.m */,
				A50F648C1A990F9300D5B38A /* Images.xcassets */,
				A50F648E1A990F9300D5B38A /* LaunchScreen.xib */,
				A50F647F1A990F9300D5B38A /* Supporting Files */,
				A597D3EE1A9941E400126E0C /* AddToDoItemViewController.h */,
				A597D3EF1A9941E400126E0C /* AddToDoItemViewController.m */,
				A597D3F11A9942F000126E0C /* ToDoListTableViewController.h */,
				A597D3F21A9942F000126E0C /* ToDoListTableViewController.m */,
			);
			path = ToDoList;
			sourceTree = "<group>";
		};
		A50F647F1A990F9300D5B38A /* Supporting Files */ = {
			isa = PBXGroup;
			children = (
				A50F64801A990F9300D5B38A /* Info.plist */,
				A50F64811A990F9300D5B38A /* main.m */,
			);
			name = "Supporting Files";
			sourceTree = "<group>";
		};
		A50F64981A990F9300D5B38A /* ToDoListTests */ = {
			isa = PBXGroup;
			children = (
				A50F649B1A990F9300D5B38A /* ToDoListTests.m */,
				A50F64991A990F9300D5B38A /* Supporting Files */,
			);
			path = ToDoListTests;
			sourceTree = "<group>";
		};
		A50F64991A990F9300D5B38A /* Supporting Files */ = {
			isa = PBXGroup;
			children = (
				A50F649A1A990F9300D5B38A /* Info.plist */,
			);
			name = "Supporting Files";
			sourceTree = "<group>";
		};
		A5CB8A921A9991BE00548F52 /* Screenshots */ = {
			isa = PBXGroup;
			children = (
				A5CB8A951A9997FD00548F52 /* list_view.png */,
				A5CB8A931A9997F600548F52 /* add_view.png */,
			);
			name = Screenshots;
			sourceTree = "<group>";
		};
/* End PBXGroup section */

/* Begin PBXNativeTarget section */
		A50F647B1A990F9300D5B38A /* ToDoList */ = {
			isa = PBXNativeTarget;
			buildConfigurationList = A50F649F1A990F9300D5B38A /* Build configuration list for PBXNativeTarget "ToDoList" */;
			buildPhases = (
				A50F64781A990F9300D5B38A /* Sources */,
				A50F64791A990F9300D5B38A /* Frameworks */,
				A50F647A1A990F9300D5B38A /* Resources */,
			);
			buildRules = (
			);
			dependencies = (
			);
			name = ToDoList;
			productName = ToDoList;
			productReference = A50F647C1A990F9300D5B38A /* ToDoList.app */;
			productType = "com.apple.product-type.application";
		};
		A50F64941A990F9300D5B38A /* ToDoListTests */ = {
			isa = PBXNativeTarget;
			buildConfigurationList = A50F64A21A990F9300D5B38A /* Build configuration list for PBXNativeTarget "ToDoListTests" */;
			buildPhases = (
				A50F64911A990F9300D5B38A /* Sources */,
				A50F64921A990F9300D5B38A /* Frameworks */,
				A50F64931A990F9300D5B38A /* Resources */,
			);
			buildRules = (
			);
			dependencies = (
				A50F64971A990F9300D5B38A /* PBXTargetDependency */,
			);
			name = ToDoListTests;
			productName = ToDoListTests;
			productReference = A50F64951A990F9300D5B38A /* ToDoListTests.xctest */;
			productType = "com.apple.product-type.bundle.unit-test";
		};
/* End PBXNativeTarget section */

/* Begin PBXProject section */
		A50F64741A990F9300D5B38A /* Project object */ = {
			isa = PBXProject;
			attributes = {
				LastUpgradeCheck = 0610;
				ORGANIZATIONNAME = "Hunter Meyer";
				TargetAttributes = {
					A50F647B1A990F9300D5B38A = {
						CreatedOnToolsVersion = 6.1.1;
					};
					A50F64941A990F9300D5B38A = {
						CreatedOnToolsVersion = 6.1.1;
						TestTargetID = A50F647B1A990F9300D5B38A;
					};
				};
			};
			buildConfigurationList = A50F64771A990F9300D5B38A /* Build configuration list for PBXProject "ToDoList" */;
			compatibilityVersion = "Xcode 3.2";
			developmentRegion = English;
			hasScannedForEncodings = 0;
			knownRegions = (
				en,
				Base,
			);
			mainGroup = A50F64731A990F9300D5B38A;
			productRefGroup = A50F647D1A990F9300D5B38A /* Products */;
			projectDirPath = "";
			projectRoot = "";
			targets = (
				A50F647B1A990F9300D5B38A /* ToDoList */,
				A50F64941A990F9300D5B38A /* ToDoListTests */,
			);
		};
/* End PBXProject section */

/* Begin PBXResourcesBuildPhase section */
		A50F647A1A990F9300D5B38A /* Resources */ = {
			isa = PBXResourcesBuildPhase;
			buildActionMask = 2147483647;
			files = (
				A5CB8A961A9997FD00548F52 /* list_view.png in Resources */,
				A50F648B1A990F9300D5B38A /* Main.storyboard in Resources */,
				A50F64901A990F9300D5B38A /* LaunchScreen.xib in Resources */,
				A5CB8A941A9997F600548F52 /* add_view.png in Resources */,
				A50F648D1A990F9300D5B38A /* Images.xcassets in Resources */,
			);
			runOnlyForDeploymentPostprocessing = 0;
		};
		A50F64931A990F9300D5B38A /* Resources */ = {
			isa = PBXResourcesBuildPhase;
			buildActionMask = 2147483647;
			files = (
			);
			runOnlyForDeploymentPostprocessing = 0;
		};
/* End PBXResourcesBuildPhase section */

/* Begin PBXSourcesBuildPhase section */
		A50F64781A990F9300D5B38A /* Sources */ = {
			isa = PBXSourcesBuildPhase;
			buildActionMask = 2147483647;
			files = (
				A5CB8A911A99915E00548F52 /* README.md in Sources */,
				A50F64851A990F9300D5B38A /* AppDelegate.m in Sources */,
				A597D3F61A996D4400126E0C /* ToDoItem.m in Sources */,
				A597D3F31A9942F000126E0C /* ToDoListTableViewController.m in Sources */,
				A50F64821A990F9300D5B38A /* main.m in Sources */,
				A597D3F01A9941E400126E0C /* AddToDoItemViewController.m in Sources */,
			);
			runOnlyForDeploymentPostprocessing = 0;
		};
		A50F64911A990F9300D5B38A /* Sources */ = {
			isa = PBXSourcesBuildPhase;
			buildActionMask = 2147483647;
			files = (
				A50F649C1A990F9300D5B38A /* ToDoListTests.m in Sources */,
			);
			runOnlyForDeploymentPostprocessing = 0;
		};
/* End PBXSourcesBuildPhase section */

/* Begin PBXTargetDependency section */
		A50F64971A990F9300D5B38A /* PBXTargetDependency */ = {
			isa = PBXTargetDependency;
			target = A50F647B1A990F9300D5B38A /* ToDoList */;
			targetProxy = A50F64961A990F9300D5B38A /* PBXContainerItemProxy */;
		};
/* End PBXTargetDependency section */

/* Begin PBXVariantGroup section */
		A50F64891A990F9300D5B38A /* Main.storyboard */ = {
			isa = PBXVariantGroup;
			children = (
				A50F648A1A990F9300D5B38A /* Base */,
			);
			name = Main.storyboard;
			sourceTree = "<group>";
		};
		A50F648E1A990F9300D5B38A /* LaunchScreen.xib */ = {
			isa = PBXVariantGroup;
			children = (
				A50F648F1A990F9300D5B38A /* Base */,
			);
			name = LaunchScreen.xib;
			sourceTree = "<group>";
		};
/* End PBXVariantGroup section */

/* Begin XCBuildConfiguration section */
		A50F649D1A990F9300D5B38A /* Debug */ = {
			isa = XCBuildConfiguration;
			buildSettings = {
				ALWAYS_SEARCH_USER_PATHS = NO;
				CLANG_CXX_LANGUAGE_STANDARD = "gnu++0x";
				CLANG_CXX_LIBRARY = "libc++";
				CLANG_ENABLE_MODULES = YES;
				CLANG_ENABLE_OBJC_ARC = YES;
				CLANG_WARN_BOOL_CONVERSION = YES;
				CLANG_WARN_CONSTANT_CONVERSION = YES;
				CLANG_WARN_DIRECT_OBJC_ISA_USAGE = YES_ERROR;
				CLANG_WARN_EMPTY_BODY = YES;
				CLANG_WARN_ENUM_CONVERSION = YES;
				CLANG_WARN_INT_CONVERSION = YES;
				CLANG_WARN_OBJC_ROOT_CLASS = YES_ERROR;
				CLANG_WARN_UNREACHABLE_CODE = YES;
				CLANG_WARN__DUPLICATE_METHOD_MATCH = YES;
				"CODE_SIGN_IDENTITY[sdk=iphoneos*]" = "iPhone Developer";
				COPY_PHASE_STRIP = NO;
				ENABLE_STRICT_OBJC_MSGSEND = YES;
				GCC_C_LANGUAGE_STANDARD = gnu99;
				GCC_DYNAMIC_NO_PIC = NO;
				GCC_OPTIMIZATION_LEVEL = 0;
				GCC_PREPROCESSOR_DEFINITIONS = (
					"DEBUG=1",
					"$(inherited)",
				);
				GCC_SYMBOLS_PRIVATE_EXTERN = NO;
				GCC_WARN_64_TO_32_BIT_CONVERSION = YES;
				GCC_WARN_ABOUT_RETURN_TYPE = YES_ERROR;
				GCC_WARN_UNDECLARED_SELECTOR = YES;
				GCC_WARN_UNINITIALIZED_AUTOS = YES_AGGRESSIVE;
				GCC_WARN_UNUSED_FUNCTION = YES;
				GCC_WARN_UNUSED_VARIABLE = YES;
				IPHONEOS_DEPLOYMENT_TARGET = 8.1;
				MTL_ENABLE_DEBUG_INFO = YES;
				ONLY_ACTIVE_ARCH = YES;
				SDKROOT = iphoneos;
				TARGETED_DEVICE_FAMILY = "1,2";
			};
			name = Debug;
		};
		A50F649E1A990F9300D5B38A /* Release */ = {
			isa = XCBuildConfiguration;
			buildSettings = {
				ALWAYS_SEARCH_USER_PATHS = NO;
				CLANG_CXX_LANGUAGE_STANDARD = "gnu++0x";
				CLANG_CXX_LIBRARY = "libc++";
				CLANG_ENABLE_MODULES = YES;
				CLANG_ENABLE_OBJC_ARC = YES;
				CLANG_WARN_BOOL_CONVERSION = YES;
				CLANG_WARN_CONSTANT_CONVERSION = YES;
				CLANG_WARN_DIRECT_OBJC_ISA_USAGE = YES_ERROR;
				CLANG_WARN_EMPTY_BODY = YES;
				CLANG_WARN_ENUM_CONVERSION = YES;
				CLANG_WARN_INT_CONVERSION = YES;
				CLANG_WARN_OBJC_ROOT_CLASS = YES_ERROR;
				CLANG_WARN_UNREACHABLE_CODE = YES;
				CLANG_WARN__DUPLICATE_METHOD_MATCH = YES;
				"CODE_SIGN_IDENTITY[sdk=iphoneos*]" = "iPhone Developer";
				COPY_PHASE_STRIP = YES;
				ENABLE_NS_ASSERTIONS = NO;
				ENABLE_STRICT_OBJC_MSGSEND = YES;
				GCC_C_LANGUAGE_STANDARD = gnu99;
				GCC_WARN_64_TO_32_BIT_CONVERSION = YES;
				GCC_WARN_ABOUT_RETURN_TYPE = YES_ERROR;
				GCC_WARN_UNDECLARED_SELECTOR = YES;
				GCC_WARN_UNINITIALIZED_AUTOS = YES_AGGRESSIVE;
				GCC_WARN_UNUSED_FUNCTION = YES;
				GCC_WARN_UNUSED_VARIABLE = YES;
				IPHONEOS_DEPLOYMENT_TARGET = 8.1;
				MTL_ENABLE_DEBUG_INFO = NO;
				SDKROOT = iphoneos;
				TARGETED_DEVICE_FAMILY = "1,2";
				VALIDATE_PRODUCT = YES;
			};
			name = Release;
		};
		A50F64A01A990F9300D5B38A /* Debug */ = {
			isa = XCBuildConfiguration;
			buildSettings = {
				ASSETCATALOG_COMPILER_APPICON_NAME = AppIcon;
				ASSETCATALOG_COMPILER_LAUNCHIMAGE_NAME = LaunchImage;
				INFOPLIST_FILE = ToDoList/Info.plist;
				IPHONEOS_DEPLOYMENT_TARGET = 7.1;
				LD_RUNPATH_SEARCH_PATHS = "$(inherited) @executable_path/Frameworks";
				PRODUCT_NAME = "$(TARGET_NAME)";
			};
			name = Debug;
		};
		A50F64A11A990F9300D5B38A /* Release */ = {
			isa = XCBuildConfiguration;
			buildSettings = {
				ASSETCATALOG_COMPILER_APPICON_NAME = AppIcon;
				ASSETCATALOG_COMPILER_LAUNCHIMAGE_NAME = LaunchImage;
				INFOPLIST_FILE = ToDoList/Info.plist;
				IPHONEOS_DEPLOYMENT_TARGET = 7.1;
				LD_RUNPATH_SEARCH_PATHS = "$(inherited) @executable_path/Frameworks";
				PRODUCT_NAME = "$(TARGET_NAME)";
			};
			name = Release;
		};
		A50F64A31A990F9300D5B38A /* Debug */ = {
			isa = XCBuildConfiguration;
			buildSettings = {
				BUNDLE_LOADER = "$(TEST_HOST)";
				FRAMEWORK_SEARCH_PATHS = (
					"$(SDKROOT)/Developer/Library/Frameworks",
					"$(inherited)",
				);
				GCC_PREPROCESSOR_DEFINITIONS = (
					"DEBUG=1",
					"$(inherited)",
				);
				INFOPLIST_FILE = ToDoListTests/Info.plist;
				LD_RUNPATH_SEARCH_PATHS = "$(inherited) @executable_path/Frameworks @loader_path/Frameworks";
				PRODUCT_NAME = "$(TARGET_NAME)";
				TEST_HOST = "$(BUILT_PRODUCTS_DIR)/ToDoList.app/ToDoList";
			};
			name = Debug;
		};
		A50F64A41A990F9300D5B38A /* Release */ = {
			isa = XCBuildConfiguration;
			buildSettings = {
				BUNDLE_LOADER = "$(TEST_HOST)";
				FRAMEWORK_SEARCH_PATHS = (
					"$(SDKROOT)/Developer/Library/Frameworks",
					"$(inherited)",
				);
				INFOPLIST_FILE = ToDoListTests/Info.plist;
				LD_RUNPATH_SEARCH_PATHS = "$(inherited) @executable_path/Frameworks @loader_path/Frameworks";
				PRODUCT_NAME = "$(TARGET_NAME)";
				TEST_HOST = "$(BUILT_PRODUCTS_DIR)/ToDoList.app/ToDoList";
			};
			name = Release;
		};
/* End XCBuildConfiguration section */

/* Begin XCConfigurationList section */
		A50F64771A990F9300D5B38A /* Build configuration list for PBXProject "ToDoList" */ = {
			isa = XCConfigurationList;
			buildConfigurations = (
				A50F649D1A990F9300D5B38A /* Debug */,
				A50F649E1A990F9300D5B38A /* Release */,
			);
			defaultConfigurationIsVisible = 0;
			defaultConfigurationName = Release;
		};
		A50F649F1A990F9300D5B38A /* Build configuration list for PBXNativeTarget "ToDoList" */ = {
			isa = XCConfigurationList;
			buildConfigurations = (
				A50F64A01A990F9300D5B38A /* Debug */,
				A50F64A11A990F9300D5B38A /* Release */,
			);
			defaultConfigurationIsVisible = 0;
			defaultConfigurationName = Release;
		};
		A50F64A21A990F9300D5B38A /* Build configuration list for PBXNativeTarget "ToDoListTests" */ = {
			isa = XCConfigurationList;
			buildConfigurations = (
				A50F64A31A990F9300D5B38A /* Debug */,
				A50F64A41A990F9300D5B38A /* Release */,
			);
			defaultConfigurationIsVisible = 0;
			defaultConfigurationName = Release;
		};
/* End XCConfigurationList section */
	};
	rootObject = A50F64741A990F9300D5B38A /* Project object */;
}
